
Microsoft Visual Studio Solution File, Format Version 12.00
# Visual Studio Version 17
VisualStudioVersion = 17.3.32804.467
MinimumVisualStudioVersion = 10.0.40219.1
Project("{FAE04EC0-301F-11D3-BF4B-00C04F79EFBC}") = "Wpf_Work_1", "Wpf_Work_1\Wpf_Work_1.csproj", "{2E0F5E38-F8D0-4A60-85E2-DC38762C1DA9}"
EndProject
Global
	GlobalSection(SolutionConfigurationPlatforms) = preSolution
		Debug|Any CPU = Debug|Any CPU
		Release|Any CPU = Release|Any CPU
	EndGlobalSection
	GlobalSection(ProjectConfigurationPlatforms) = postSolution
		{2E0F5E38-F8D0-4A60-85E2-DC38762C1DA9}.Debug|Any CPU.ActiveCfg = Debug|Any CPU
		{2E0F5E38-F8D0-4A60-85E2-DC38762C1DA9}.Debug|Any CPU.Build.0 = Debug|Any CPU
		{2E0F5E38-F8D0-4A60-85E2-DC38762C1DA9}.Release|Any CPU.ActiveCfg = Release|Any CPU
		{2E0F5E38-F8D0-4A60-85E2-DC38762C1DA9}.Release|Any CPU.Build.0 = Release|Any CPU
	EndGlobalSection
	GlobalSection(SolutionProperties) = preSolution
		HideSolutionNode = FALSE
	EndGlobalSection
	GlobalSection(ExtensibilityGlobals) = postSolution
		SolutionGuid = {1D65A259-1C26-4124-91EF-C1A115AF325D}
	EndGlobalSection
EndGlobal
